// !$*UTF8*$!
{
	archiveVersion = 1;
	classes = {
	};
	objectVersion = 55;
	objects = {

/* Begin PBXBuildFile section */
		639E3E8F28BEF8D6000AD8A8 /* Observable.swift in Sources */ = {isa = PBXBuildFile; fileRef = 639E3E8E28BEF8D5000AD8A8 /* Observable.swift */; };
		639E3E9128BEFC10000AD8A8 /* PersonViewModel.swift in Sources */ = {isa = PBXBuildFile; fileRef = 639E3E9028BEFC10000AD8A8 /* PersonViewModel.swift */; };
		63E2DE3728BD94CD000FE5DC /* AppDelegate.swift in Sources */ = {isa = PBXBuildFile; fileRef = 63E2DE3628BD94CD000FE5DC /* AppDelegate.swift */; };
		63E2DE3928BD94CD000FE5DC /* SceneDelegate.swift in Sources */ = {isa = PBXBuildFile; fileRef = 63E2DE3828BD94CD000FE5DC /* SceneDelegate.swift */; };
		63E2DE3B28BD94CD000FE5DC /* ViewController.swift in Sources */ = {isa = PBXBuildFile; fileRef = 63E2DE3A28BD94CD000FE5DC /* ViewController.swift */; };
		63E2DE3E28BD94CD000FE5DC /* Main.storyboard in Resources */ = {isa = PBXBuildFile; fileRef = 63E2DE3C28BD94CD000FE5DC /* Main.storyboard */; };
		63E2DE4028BD94CE000FE5DC /* Assets.xcassets in Resources */ = {isa = PBXBuildFile; fileRef = 63E2DE3F28BD94CE000FE5DC /* Assets.xcassets */; };
		63E2DE4328BD94CE000FE5DC /* LaunchScreen.storyboard in Resources */ = {isa = PBXBuildFile; fileRef = 63E2DE4128BD94CE000FE5DC /* LaunchScreen.storyboard */; };
		63E2DE4C28BD9504000FE5DC /* LottoAPIManager.swift in Sources */ = {isa = PBXBuildFile; fileRef = 63E2DE4B28BD9504000FE5DC /* LottoAPIManager.swift */; };
		63E2DE4E28BD9BB4000FE5DC /* LottoModel.swift in Sources */ = {isa = PBXBuildFile; fileRef = 63E2DE4D28BD9BB4000FE5DC /* LottoModel.swift */; };
		63E2DE5128BDA734000FE5DC /* PersonAPIManager.swift in Sources */ = {isa = PBXBuildFile; fileRef = 63E2DE5028BDA734000FE5DC /* PersonAPIManager.swift */; };
		63E2DE5328BDA85A000FE5DC /* Person.swift in Sources */ = {isa = PBXBuildFile; fileRef = 63E2DE5228BDA85A000FE5DC /* Person.swift */; };
		63E2DE5728BDB768000FE5DC /* URLSession+Extension.swift in Sources */ = {isa = PBXBuildFile; fileRef = 63E2DE5628BDB768000FE5DC /* URLSession+Extension.swift */; };
/* End PBXBuildFile section */

/* Begin PBXFileReference section */
		639E3E8E28BEF8D5000AD8A8 /* Observable.swift */ = {isa = PBXFileReference; lastKnownFileType = sourcecode.swift; path = Observable.swift; sourceTree = "<group>"; };
		639E3E9028BEFC10000AD8A8 /* PersonViewModel.swift */ = {isa = PBXFileReference; lastKnownFileType = sourcecode.swift; path = PersonViewModel.swift; sourceTree = "<group>"; };
		63E2DE3328BD94CD000FE5DC /* SeSAC2Week9.app */ = {isa = PBXFileReference; explicitFileType = wrapper.application; includeInIndex = 0; path = SeSAC2Week9.app; sourceTree = BUILT_PRODUCTS_DIR; };
		63E2DE3628BD94CD000FE5DC /* AppDelegate.swift */ = {isa = PBXFileReference; lastKnownFileType = sourcecode.swift; path = AppDelegate.swift; sourceTree = "<group>"; };
		63E2DE3828BD94CD000FE5DC /* SceneDelegate.swift */ = {isa = PBXFileReference; lastKnownFileType = sourcecode.swift; path = SceneDelegate.swift; sourceTree = "<group>"; };
		63E2DE3A28BD94CD000FE5DC /* ViewController.swift */ = {isa = PBXFileReference; lastKnownFileType = sourcecode.swift; path = ViewController.swift; sourceTree = "<group>"; };
		63E2DE3D28BD94CD000FE5DC /* Base */ = {isa = PBXFileReference; lastKnownFileType = file.storyboard; name = Base; path = Base.lproj/Main.storyboard; sourceTree = "<group>"; };
		63E2DE3F28BD94CE000FE5DC /* Assets.xcassets */ = {isa = PBXFileReference; lastKnownFileType = folder.assetcatalog; path = Assets.xcassets; sourceTree = "<group>"; };
		63E2DE4228BD94CE000FE5DC /* Base */ = {isa = PBXFileReference; lastKnownFileType = file.storyboard; name = Base; path = Base.lproj/LaunchScreen.storyboard; sourceTree = "<group>"; };
		63E2DE4428BD94CE000FE5DC /* Info.plist */ = {isa = PBXFileReference; lastKnownFileType = text.plist.xml; path = Info.plist; sourceTree = "<group>"; };
		63E2DE4B28BD9504000FE5DC /* LottoAPIManager.swift */ = {isa = PBXFileReference; lastKnownFileType = sourcecode.swift; path = LottoAPIManager.swift; sourceTree = "<group>"; };
		63E2DE4D28BD9BB4000FE5DC /* LottoModel.swift */ = {isa = PBXFileReference; lastKnownFileType = sourcecode.swift; path = LottoModel.swift; sourceTree = "<group>"; };
		63E2DE5028BDA734000FE5DC /* PersonAPIManager.swift */ = {isa = PBXFileReference; lastKnownFileType = sourcecode.swift; path = PersonAPIManager.swift; sourceTree = "<group>"; };
		63E2DE5228BDA85A000FE5DC /* Person.swift */ = {isa = PBXFileReference; lastKnownFileType = sourcecode.swift; path = Person.swift; sourceTree = "<group>"; };
		63E2DE5628BDB768000FE5DC /* URLSession+Extension.swift */ = {isa = PBXFileReference; lastKnownFileType = sourcecode.swift; path = "URLSession+Extension.swift"; sourceTree = "<group>"; };
/* End PBXFileReference section */

/* Begin PBXFrameworksBuildPhase section */
		63E2DE3028BD94CD000FE5DC /* Frameworks */ = {
			isa = PBXFrameworksBuildPhase;
			buildActionMask = 2147483647;
			files = (
			);
			runOnlyForDeploymentPostprocessing = 0;
		};
/* End PBXFrameworksBuildPhase section */

/* Begin PBXGroup section */
		63E2DE2A28BD94CD000FE5DC = {
			isa = PBXGroup;
			children = (
				63E2DE3528BD94CD000FE5DC /* SeSAC2Week9 */,
				63E2DE3428BD94CD000FE5DC /* Products */,
			);
			sourceTree = "<group>";
		};
		63E2DE3428BD94CD000FE5DC /* Products */ = {
			isa = PBXGroup;
			children = (
				63E2DE3328BD94CD000FE5DC /* SeSAC2Week9.app */,
			);
			name = Products;
			sourceTree = "<group>";
		};
		63E2DE3528BD94CD000FE5DC /* SeSAC2Week9 */ = {
			isa = PBXGroup;
			children = (
				63E2DE4F28BDA723000FE5DC /* Person */,
				63E2DE4A28BD94E9000FE5DC /* Lotto */,
				63E2DE3628BD94CD000FE5DC /* AppDelegate.swift */,
				63E2DE3828BD94CD000FE5DC /* SceneDelegate.swift */,
				63E2DE3A28BD94CD000FE5DC /* ViewController.swift */,
				639E3E8E28BEF8D5000AD8A8 /* Observable.swift */,
				63E2DE3C28BD94CD000FE5DC /* Main.storyboard */,
				63E2DE3F28BD94CE000FE5DC /* Assets.xcassets */,
				63E2DE4128BD94CE000FE5DC /* LaunchScreen.storyboard */,
				63E2DE4428BD94CE000FE5DC /* Info.plist */,
				63E2DE5628BDB768000FE5DC /* URLSession+Extension.swift */,
			);
			path = SeSAC2Week9;
			sourceTree = "<group>";
		};
		63E2DE4A28BD94E9000FE5DC /* Lotto */ = {
			isa = PBXGroup;
			children = (
				63E2DE4B28BD9504000FE5DC /* LottoAPIManager.swift */,
				63E2DE4D28BD9BB4000FE5DC /* LottoModel.swift */,
			);
			path = Lotto;
			sourceTree = "<group>";
		};
		63E2DE4F28BDA723000FE5DC /* Person */ = {
			isa = PBXGroup;
			children = (
				63E2DE5028BDA734000FE5DC /* PersonAPIManager.swift */,
				63E2DE5228BDA85A000FE5DC /* Person.swift */,
				639E3E9028BEFC10000AD8A8 /* PersonViewModel.swift */,
			);
			path = Person;
			sourceTree = "<group>";
		};
/* End PBXGroup section */

/* Begin PBXNativeTarget section */
		63E2DE3228BD94CD000FE5DC /* SeSAC2Week9 */ = {
			isa = PBXNativeTarget;
			buildConfigurationList = 63E2DE4728BD94CE000FE5DC /* Build configuration list for PBXNativeTarget "SeSAC2Week9" */;
			buildPhases = (
				63E2DE2F28BD94CD000FE5DC /* Sources */,
				63E2DE3028BD94CD000FE5DC /* Frameworks */,
				63E2DE3128BD94CD000FE5DC /* Resources */,
			);
			buildRules = (
			);
			dependencies = (
			);
			name = SeSAC2Week9;
			productName = SeSAC2Week9;
			productReference = 63E2DE3328BD94CD000FE5DC /* SeSAC2Week9.app */;
			productType = "com.apple.product-type.application";
		};
/* End PBXNativeTarget section */

/* Begin PBXProject section */
		63E2DE2B28BD94CD000FE5DC /* Project object */ = {
			isa = PBXProject;
			attributes = {
				BuildIndependentTargetsInParallel = 1;
				LastSwiftUpdateCheck = 1340;
				LastUpgradeCheck = 1340;
				TargetAttributes = {
					63E2DE3228BD94CD000FE5DC = {
						CreatedOnToolsVersion = 13.4.1;
					};
				};
			};
			buildConfigurationList = 63E2DE2E28BD94CD000FE5DC /* Build configuration list for PBXProject "SeSAC2Week9" */;
			compatibilityVersion = "Xcode 13.0";
			developmentRegion = en;
			hasScannedForEncodings = 0;
			knownRegions = (
				en,
				Base,
			);
			mainGroup = 63E2DE2A28BD94CD000FE5DC;
			productRefGroup = 63E2DE3428BD94CD000FE5DC /* Products */;
			projectDirPath = "";
			projectRoot = "";
			targets = (
				63E2DE3228BD94CD000FE5DC /* SeSAC2Week9 */,
			);
		};
/* End PBXProject section */

/* Begin PBXResourcesBuildPhase section */
		63E2DE3128BD94CD000FE5DC /* Resources */ = {
			isa = PBXResourcesBuildPhase;
			buildActionMask = 2147483647;
			files = (
				63E2DE4328BD94CE000FE5DC /* LaunchScreen.storyboard in Resources */,
				63E2DE4028BD94CE000FE5DC /* Assets.xcassets in Resources */,
				63E2DE3E28BD94CD000FE5DC /* Main.storyboard in Resources */,
			);
			runOnlyForDeploymentPostprocessing = 0;
		};
/* End PBXResourcesBuildPhase section */

/* Begin PBXSourcesBuildPhase section */
		63E2DE2F28BD94CD000FE5DC /* Sources */ = {
			isa = PBXSourcesBuildPhase;
			buildActionMask = 2147483647;
			files = (
				63E2DE3B28BD94CD000FE5DC /* ViewController.swift in Sources */,
				639E3E9128BEFC10000AD8A8 /* PersonViewModel.swift in Sources */,
				63E2DE3728BD94CD000FE5DC /* AppDelegate.swift in Sources */,
				63E2DE4E28BD9BB4000FE5DC /* LottoModel.swift in Sources */,
				63E2DE5128BDA734000FE5DC /* PersonAPIManager.swift in Sources */,
				63E2DE5728BDB768000FE5DC /* URLSession+Extension.swift in Sources */,
				63E2DE5328BDA85A000FE5DC /* Person.swift in Sources */,
				639E3E8F28BEF8D6000AD8A8 /* Observable.swift in Sources */,
				63E2DE3928BD94CD000FE5DC /* SceneDelegate.swift in Sources */,
				63E2DE4C28BD9504000FE5DC /* LottoAPIManager.swift in Sources */,
			);
			runOnlyForDeploymentPostprocessing = 0;
		};
/* End PBXSourcesBuildPhase section */

/* Begin PBXVariantGroup section */
		63E2DE3C28BD94CD000FE5DC /* Main.storyboard */ = {
			isa = PBXVariantGroup;
			children = (
				63E2DE3D28BD94CD000FE5DC /* Base */,
			);
			name = Main.storyboard;
			sourceTree = "<group>";
		};
		63E2DE4128BD94CE000FE5DC /* LaunchScreen.storyboard */ = {
			isa = PBXVariantGroup;
			children = (
				63E2DE4228BD94CE000FE5DC /* Base */,
			);
			name = LaunchScreen.storyboard;
			sourceTree = "<group>";
		};
/* End PBXVariantGroup section */

/* Begin XCBuildConfiguration section */
		63E2DE4528BD94CE000FE5DC /* Debug */ = {
			isa = XCBuildConfiguration;
			buildSettings = {
				ALWAYS_SEARCH_USER_PATHS = NO;
				CLANG_ANALYZER_NONNULL = YES;
				CLANG_ANALYZER_NUMBER_OBJECT_CONVERSION = YES_AGGRESSIVE;
				CLANG_CXX_LANGUAGE_STANDARD = "gnu++17";
				CLANG_ENABLE_MODULES = YES;
				CLANG_ENABLE_OBJC_ARC = YES;
				CLANG_ENABLE_OBJC_WEAK = YES;
				CLANG_WARN_BLOCK_CAPTURE_AUTORELEASING = YES;
				CLANG_WARN_BOOL_CONVERSION = YES;
				CLANG_WARN_COMMA = YES;
				CLANG_WARN_CONSTANT_CONVERSION = YES;
				CLANG_WARN_DEPRECATED_OBJC_IMPLEMENTATIONS = YES;
				CLANG_WARN_DIRECT_OBJC_ISA_USAGE = YES_ERROR;
				CLANG_WARN_DOCUMENTATION_COMMENTS = YES;
				CLANG_WARN_EMPTY_BODY = YES;
				CLANG_WARN_ENUM_CONVERSION = YES;
				CLANG_WARN_INFINITE_RECURSION = YES;
				CLANG_WARN_INT_CONVERSION = YES;
				CLANG_WARN_NON_LITERAL_NULL_CONVERSION = YES;
				CLANG_WARN_OBJC_IMPLICIT_RETAIN_SELF = YES;
				CLANG_WARN_OBJC_LITERAL_CONVERSION = YES;
				CLANG_WARN_OBJC_ROOT_CLASS = YES_ERROR;
				CLANG_WARN_QUOTED_INCLUDE_IN_FRAMEWORK_HEADER = YES;
				CLANG_WARN_RANGE_LOOP_ANALYSIS = YES;
				CLANG_WARN_STRICT_PROTOTYPES = YES;
				CLANG_WARN_SUSPICIOUS_MOVE = YES;
				CLANG_WARN_UNGUARDED_AVAILABILITY = YES_AGGRESSIVE;
				CLANG_WARN_UNREACHABLE_CODE = YES;
				CLANG_WARN__DUPLICATE_METHOD_MATCH = YES;
				COPY_PHASE_STRIP = NO;
				DEBUG_INFORMATION_FORMAT = dwarf;
				ENABLE_STRICT_OBJC_MSGSEND = YES;
				ENABLE_TESTABILITY = YES;
				GCC_C_LANGUAGE_STANDARD = gnu11;
				GCC_DYNAMIC_NO_PIC = NO;
				GCC_NO_COMMON_BLOCKS = YES;
				GCC_OPTIMIZATION_LEVEL = 0;
				GCC_PREPROCESSOR_DEFINITIONS = (
					"DEBUG=1",
					"$(inherited)",
				);
				GCC_WARN_64_TO_32_BIT_CONVERSION = YES;
				GCC_WARN_ABOUT_RETURN_TYPE = YES_ERROR;
				GCC_WARN_UNDECLARED_SELECTOR = YES;
				GCC_WARN_UNINITIALIZED_AUTOS = YES_AGGRESSIVE;
				GCC_WARN_UNUSED_FUNCTION = YES;
				GCC_WARN_UNUSED_VARIABLE = YES;
				IPHONEOS_DEPLOYMENT_TARGET = 15.5;
				MTL_ENABLE_DEBUG_INFO = INCLUDE_SOURCE;
				MTL_FAST_MATH = YES;
				ONLY_ACTIVE_ARCH = YES;
				SDKROOT = iphoneos;
				SWIFT_ACTIVE_COMPILATION_CONDITIONS = DEBUG;
				SWIFT_OPTIMIZATION_LEVEL = "-Onone";
			};
			name = Debug;
		};
		63E2DE4628BD94CE000FE5DC /* Release */ = {
			isa = XCBuildConfiguration;
			buildSettings = {
				ALWAYS_SEARCH_USER_PATHS = NO;
				CLANG_ANALYZER_NONNULL = YES;
				CLANG_ANALYZER_NUMBER_OBJECT_CONVERSION = YES_AGGRESSIVE;
				CLANG_CXX_LANGUAGE_STANDARD = "gnu++17";
				CLANG_ENABLE_MODULES = YES;
				CLANG_ENABLE_OBJC_ARC = YES;
				CLANG_ENABLE_OBJC_WEAK = YES;
				CLANG_WARN_BLOCK_CAPTURE_AUTORELEASING = YES;
				CLANG_WARN_BOOL_CONVERSION = YES;
				CLANG_WARN_COMMA = YES;
				CLANG_WARN_CONSTANT_CONVERSION = YES;
				CLANG_WARN_DEPRECATED_OBJC_IMPLEMENTATIONS = YES;
				CLANG_WARN_DIRECT_OBJC_ISA_USAGE = YES_ERROR;
				CLANG_WARN_DOCUMENTATION_COMMENTS = YES;
				CLANG_WARN_EMPTY_BODY = YES;
				CLANG_WARN_ENUM_CONVERSION = YES;
				CLANG_WARN_INFINITE_RECURSION = YES;
				CLANG_WARN_INT_CONVERSION = YES;
				CLANG_WARN_NON_LITERAL_NULL_CONVERSION = YES;
				CLANG_WARN_OBJC_IMPLICIT_RETAIN_SELF = YES;
				CLANG_WARN_OBJC_LITERAL_CONVERSION = YES;
				CLANG_WARN_OBJC_ROOT_CLASS = YES_ERROR;
				CLANG_WARN_QUOTED_INCLUDE_IN_FRAMEWORK_HEADER = YES;
				CLANG_WARN_RANGE_LOOP_ANALYSIS = YES;
				CLANG_WARN_STRICT_PROTOTYPES = YES;
				CLANG_WARN_SUSPICIOUS_MOVE = YES;
				CLANG_WARN_UNGUARDED_AVAILABILITY = YES_AGGRESSIVE;
				CLANG_WARN_UNREACHABLE_CODE = YES;
				CLANG_WARN__DUPLICATE_METHOD_MATCH = YES;
				COPY_PHASE_STRIP = NO;
				DEBUG_INFORMATION_FORMAT = "dwarf-with-dsym";
				ENABLE_NS_ASSERTIONS = NO;
				ENABLE_STRICT_OBJC_MSGSEND = YES;
				GCC_C_LANGUAGE_STANDARD = gnu11;
				GCC_NO_COMMON_BLOCKS = YES;
				GCC_WARN_64_TO_32_BIT_CONVERSION = YES;
				GCC_WARN_ABOUT_RETURN_TYPE = YES_ERROR;
				GCC_WARN_UNDECLARED_SELECTOR = YES;
				GCC_WARN_UNINITIALIZED_AUTOS = YES_AGGRESSIVE;
				GCC_WARN_UNUSED_FUNCTION = YES;
				GCC_WARN_UNUSED_VARIABLE = YES;
				IPHONEOS_DEPLOYMENT_TARGET = 15.5;
				MTL_ENABLE_DEBUG_INFO = NO;
				MTL_FAST_MATH = YES;
				SDKROOT = iphoneos;
				SWIFT_COMPILATION_MODE = wholemodule;
				SWIFT_OPTIMIZATION_LEVEL = "-O";
				VALIDATE_PRODUCT = YES;
			};
			name = Release;
		};
		63E2DE4828BD94CE000FE5DC /* Debug */ = {
			isa = XCBuildConfiguration;
			buildSettings = {
				ASSETCATALOG_COMPILER_APPICON_NAME = AppIcon;
				ASSETCATALOG_COMPILER_GLOBAL_ACCENT_COLOR_NAME = AccentColor;
				CODE_SIGN_STYLE = Automatic;
				CURRENT_PROJECT_VERSION = 1;
				DEVELOPMENT_TEAM = QV329P6X5G;
				GENERATE_INFOPLIST_FILE = YES;
				INFOPLIST_FILE = SeSAC2Week9/Info.plist;
				INFOPLIST_KEY_UIApplicationSupportsIndirectInputEvents = YES;
				INFOPLIST_KEY_UILaunchStoryboardName = LaunchScreen;
				INFOPLIST_KEY_UIMainStoryboardFile = Main;
				INFOPLIST_KEY_UISupportedInterfaceOrientations = UIInterfaceOrientationPortrait;
				INFOPLIST_KEY_UISupportedInterfaceOrientations_iPad = "UIInterfaceOrientationPortrait UIInterfaceOrientationPortraitUpsideDown UIInterfaceOrientationLandscapeLeft UIInterfaceOrientationLandscapeRight";
				INFOPLIST_KEY_UISupportedInterfaceOrientations_iPhone = "UIInterfaceOrientationPortrait UIInterfaceOrientationLandscapeLeft UIInterfaceOrientationLandscapeRight";
				LD_RUNPATH_SEARCH_PATHS = (
					"$(inherited)",
					"@executable_path/Frameworks",
				);
				MARKETING_VERSION = 1.0;
				PRODUCT_BUNDLE_IDENTIFIER = com.jj.SeSAC2Week9;
				PRODUCT_NAME = "$(TARGET_NAME)";
				SWIFT_EMIT_LOC_STRINGS = YES;
				SWIFT_VERSION = 5.0;
				TARGETED_DEVICE_FAMILY = 1;
			};
			name = Debug;
		};
		63E2DE4928BD94CE000FE5DC /* Release */ = {
			isa = XCBuildConfiguration;
			buildSettings = {
				ASSETCATALOG_COMPILER_APPICON_NAME = AppIcon;
				ASSETCATALOG_COMPILER_GLOBAL_ACCENT_COLOR_NAME = AccentColor;
				CODE_SIGN_STYLE = Automatic;
				CURRENT_PROJECT_VERSION = 1;
				DEVELOPMENT_TEAM = QV329P6X5G;
				GENERATE_INFOPLIST_FILE = YES;
				INFOPLIST_FILE = SeSAC2Week9/Info.plist;
				INFOPLIST_KEY_UIApplicationSupportsIndirectInputEvents = YES;
				INFOPLIST_KEY_UILaunchStoryboardName = LaunchScreen;
				INFOPLIST_KEY_UIMainStoryboardFile = Main;
				INFOPLIST_KEY_UISupportedInterfaceOrientations = UIInterfaceOrientationPortrait;
				INFOPLIST_KEY_UISupportedInterfaceOrientations_iPad = "UIInterfaceOrientationPortrait UIInterfaceOrientationPortraitUpsideDown UIInterfaceOrientationLandscapeLeft UIInterfaceOrientationLandscapeRight";
				INFOPLIST_KEY_UISupportedInterfaceOrientations_iPhone = "UIInterfaceOrientationPortrait UIInterfaceOrientationLandscapeLeft UIInterfaceOrientationLandscapeRight";
				LD_RUNPATH_SEARCH_PATHS = (
					"$(inherited)",
					"@executable_path/Frameworks",
				);
				MARKETING_VERSION = 1.0;
				PRODUCT_BUNDLE_IDENTIFIER = com.jj.SeSAC2Week9;
				PRODUCT_NAME = "$(TARGET_NAME)";
				SWIFT_EMIT_LOC_STRINGS = YES;
				SWIFT_VERSION = 5.0;
				TARGETED_DEVICE_FAMILY = 1;
			};
			name = Release;
		};
/* End XCBuildConfiguration section */

/* Begin XCConfigurationList section */
		63E2DE2E28BD94CD000FE5DC /* Build configuration list for PBXProject "SeSAC2Week9" */ = {
			isa = XCConfigurationList;
			buildConfigurations = (
				63E2DE4528BD94CE000FE5DC /* Debug */,
				63E2DE4628BD94CE000FE5DC /* Release */,
			);
			defaultConfigurationIsVisible = 0;
			defaultConfigurationName = Release;
		};
		63E2DE4728BD94CE000FE5DC /* Build configuration list for PBXNativeTarget "SeSAC2Week9" */ = {
			isa = XCConfigurationList;
			buildConfigurations = (
				63E2DE4828BD94CE000FE5DC /* Debug */,
				63E2DE4928BD94CE000FE5DC /* Release */,
			);
			defaultConfigurationIsVisible = 0;
			defaultConfigurationName = Release;
		};
/* End XCConfigurationList section */
	};
	rootObject = 63E2DE2B28BD94CD000FE5DC /* Project object */;
}
